
Microsoft Visual Studio Solution File, Format Version 12.00
# Visual Studio Version 17
VisualStudioVersion = 17.11.35222.181
MinimumVisualStudioVersion = 10.0.40219.1
Project("{8BC9CEB8-8B4A-11D0-8D11-00A0C91BC942}") = "Pr7.1.rec", "Pr7.1.rec\Pr7.1.rec.vcxproj", "{7DA3B24C-6AAC-4F6D-9099-B8E6FCA1416B}"
EndProject
Global
	GlobalSection(SolutionConfigurationPlatforms) = preSolution
		Debug|x64 = Debug|x64
		Debug|x86 = Debug|x86
		Release|x64 = Release|x64
		Release|x86 = Release|x86
	EndGlobalSection
	GlobalSection(ProjectConfigurationPlatforms) = postSolution
		{7DA3B24C-6AAC-4F6D-9099-B8E6FCA1416B}.Debug|x64.ActiveCfg = Debug|x64
		{7DA3B24C-6AAC-4F6D-9099-B8E6FCA1416B}.Debug|x64.Build.0 = Debug|x64
		{7DA3B24C-6AAC-4F6D-9099-B8E6FCA1416B}.Debug|x86.ActiveCfg = Debug|Win32
		{7DA3B24C-6AAC-4F6D-9099-B8E6FCA1416B}.Debug|x86.Build.0 = Debug|Win32
		{7DA3B24C-6AAC-4F6D-9099-B8E6FCA1416B}.Release|x64.ActiveCfg = Release|x64
		{7DA3B24C-6AAC-4F6D-9099-B8E6FCA1416B}.Release|x64.Build.0 = Release|x64
		{7DA3B24C-6AAC-4F6D-9099-B8E6FCA1416B}.Release|x86.ActiveCfg = Release|Win32
		{7DA3B24C-6AAC-4F6D-9099-B8E6FCA1416B}.Release|x86.Build.0 = Release|Win32
	EndGlobalSection
	GlobalSection(SolutionProperties) = preSolution
		HideSolutionNode = FALSE
	EndGlobalSection
	GlobalSection(ExtensibilityGlobals) = postSolution
		SolutionGuid = {9746417F-83D8-443A-861F-E9DA666F75A8}
	EndGlobalSection
EndGlobal
